// !$*UTF8*$!
{
	archiveVersion = 1;
	classes = {
	};
	objectVersion = 50;
	objects = {

/* Begin PBXBuildFile section */
		85020E8324BC0497004440D1 /* AppDelegate.swift in Sources */ = {isa = PBXBuildFile; fileRef = 85020E8224BC0497004440D1 /* AppDelegate.swift */; };
		85020E8524BC0497004440D1 /* SceneDelegate.swift in Sources */ = {isa = PBXBuildFile; fileRef = 85020E8424BC0497004440D1 /* SceneDelegate.swift */; };
		85020E8724BC0497004440D1 /* ContentView.swift in Sources */ = {isa = PBXBuildFile; fileRef = 85020E8624BC0497004440D1 /* ContentView.swift */; };
		85020E8924BC0499004440D1 /* Assets.xcassets in Resources */ = {isa = PBXBuildFile; fileRef = 85020E8824BC0499004440D1 /* Assets.xcassets */; };
		85020E8C24BC0499004440D1 /* Preview Assets.xcassets in Resources */ = {isa = PBXBuildFile; fileRef = 85020E8B24BC0499004440D1 /* Preview Assets.xcassets */; };
		85020E8F24BC0499004440D1 /* LaunchScreen.storyboard in Resources */ = {isa = PBXBuildFile; fileRef = 85020E8D24BC0499004440D1 /* LaunchScreen.storyboard */; };
		85A5E4E824BDC17B00198394 /* TimeInterval+MMSS.swift in Sources */ = {isa = PBXBuildFile; fileRef = 85A5E4CE24BDC17B00198394 /* TimeInterval+MMSS.swift */; };
		85A5E4E924BDC17B00198394 /* ProgressSlider.swift in Sources */ = {isa = PBXBuildFile; fileRef = 85A5E4CF24BDC17B00198394 /* ProgressSlider.swift */; };
		85A5E4EA24BDC17B00198394 /* StreamingDelegate.swift in Sources */ = {isa = PBXBuildFile; fileRef = 85A5E4D124BDC17B00198394 /* StreamingDelegate.swift */; };
		85A5E4EB24BDC17B00198394 /* Streaming.swift in Sources */ = {isa = PBXBuildFile; fileRef = 85A5E4D224BDC17B00198394 /* Streaming.swift */; };
		85A5E4EC24BDC17B00198394 /* Streamer+DownloadableDelegate.swift in Sources */ = {isa = PBXBuildFile; fileRef = 85A5E4D324BDC17B00198394 /* Streamer+DownloadableDelegate.swift */; };
		85A5E4ED24BDC17B00198394 /* StreamingState.swift in Sources */ = {isa = PBXBuildFile; fileRef = 85A5E4D424BDC17B00198394 /* StreamingState.swift */; };
		85A5E4EE24BDC17B00198394 /* Streamer.swift in Sources */ = {isa = PBXBuildFile; fileRef = 85A5E4D524BDC17B00198394 /* Streamer.swift */; };
		85A5E4EF24BDC17B00198394 /* Parser+PropertyListener.swift in Sources */ = {isa = PBXBuildFile; fileRef = 85A5E4D724BDC17B00198394 /* Parser+PropertyListener.swift */; };
		85A5E4F024BDC17B00198394 /* ParserError.swift in Sources */ = {isa = PBXBuildFile; fileRef = 85A5E4D824BDC17B00198394 /* ParserError.swift */; };
		85A5E4F124BDC17B00198394 /* Parser+Packets.swift in Sources */ = {isa = PBXBuildFile; fileRef = 85A5E4D924BDC17B00198394 /* Parser+Packets.swift */; };
		85A5E4F224BDC17B00198394 /* Parsing.swift in Sources */ = {isa = PBXBuildFile; fileRef = 85A5E4DA24BDC17B00198394 /* Parsing.swift */; };
		85A5E4F324BDC17B00198394 /* Parser.swift in Sources */ = {isa = PBXBuildFile; fileRef = 85A5E4DB24BDC17B00198394 /* Parser.swift */; };
		85A5E4F424BDC17B00198394 /* Reader.swift in Sources */ = {isa = PBXBuildFile; fileRef = 85A5E4DD24BDC17B00198394 /* Reader.swift */; };
		85A5E4F524BDC17B00198394 /* Reading.swift in Sources */ = {isa = PBXBuildFile; fileRef = 85A5E4DE24BDC17B00198394 /* Reading.swift */; };
		85A5E4F624BDC17B00198394 /* ReaderError.swift in Sources */ = {isa = PBXBuildFile; fileRef = 85A5E4DF24BDC17B00198394 /* ReaderError.swift */; };
		85A5E4F724BDC17B00198394 /* Reader+Converter.swift in Sources */ = {isa = PBXBuildFile; fileRef = 85A5E4E024BDC17B00198394 /* Reader+Converter.swift */; };
		85A5E4F824BDC17B00198394 /* Downloading.swift in Sources */ = {isa = PBXBuildFile; fileRef = 85A5E4E224BDC17B00198394 /* Downloading.swift */; };
		85A5E4F924BDC17B00198394 /* Downloader.swift in Sources */ = {isa = PBXBuildFile; fileRef = 85A5E4E324BDC17B00198394 /* Downloader.swift */; };
		85A5E4FA24BDC17B00198394 /* Downloader+URLSessionDelegate.swift in Sources */ = {isa = PBXBuildFile; fileRef = 85A5E4E424BDC17B00198394 /* Downloader+URLSessionDelegate.swift */; };
		85A5E4FB24BDC17B00198394 /* DownloadingState.swift in Sources */ = {isa = PBXBuildFile; fileRef = 85A5E4E524BDC17B00198394 /* DownloadingState.swift */; };
		85A5E4FC24BDC17B00198394 /* DownloadingDelegate.swift in Sources */ = {isa = PBXBuildFile; fileRef = 85A5E4E624BDC17B00198394 /* DownloadingDelegate.swift */; };
		85A5E4FF24BDC1D600198394 /* PodbeanStreamer.swift in Sources */ = {isa = PBXBuildFile; fileRef = 85A5E4FE24BDC1D600198394 /* PodbeanStreamer.swift */; };
		85A5E50124BDC22F00198394 /* StreamerController.swift in Sources */ = {isa = PBXBuildFile; fileRef = 85A5E50024BDC22F00198394 /* StreamerController.swift */; };
/* End PBXBuildFile section */

/* Begin PBXFileReference section */
		85020E7F24BC0497004440D1 /* PlayerBean.app */ = {isa = PBXFileReference; explicitFileType = wrapper.application; includeInIndex = 0; path = PlayerBean.app; sourceTree = BUILT_PRODUCTS_DIR; };
		85020E8224BC0497004440D1 /* AppDelegate.swift */ = {isa = PBXFileReference; lastKnownFileType = sourcecode.swift; path = AppDelegate.swift; sourceTree = "<group>"; };
		85020E8424BC0497004440D1 /* SceneDelegate.swift */ = {isa = PBXFileReference; lastKnownFileType = sourcecode.swift; path = SceneDelegate.swift; sourceTree = "<group>"; };
		85020E8624BC0497004440D1 /* ContentView.swift */ = {isa = PBXFileReference; lastKnownFileType = sourcecode.swift; path = ContentView.swift; sourceTree = "<group>"; };
		85020E8824BC0499004440D1 /* Assets.xcassets */ = {isa = PBXFileReference; lastKnownFileType = folder.assetcatalog; path = Assets.xcassets; sourceTree = "<group>"; };
		85020E8B24BC0499004440D1 /* Preview Assets.xcassets */ = {isa = PBXFileReference; lastKnownFileType = folder.assetcatalog; path = "Preview Assets.xcassets"; sourceTree = "<group>"; };
		85020E8E24BC0499004440D1 /* Base */ = {isa = PBXFileReference; lastKnownFileType = file.storyboard; name = Base; path = Base.lproj/LaunchScreen.storyboard; sourceTree = "<group>"; };
		85020E9024BC0499004440D1 /* Info.plist */ = {isa = PBXFileReference; lastKnownFileType = text.plist.xml; path = Info.plist; sourceTree = "<group>"; };
		85A5E4CE24BDC17B00198394 /* TimeInterval+MMSS.swift */ = {isa = PBXFileReference; fileEncoding = 4; lastKnownFileType = sourcecode.swift; path = "TimeInterval+MMSS.swift"; sourceTree = "<group>"; };
		85A5E4CF24BDC17B00198394 /* ProgressSlider.swift */ = {isa = PBXFileReference; fileEncoding = 4; lastKnownFileType = sourcecode.swift; path = ProgressSlider.swift; sourceTree = "<group>"; };
		85A5E4D124BDC17B00198394 /* StreamingDelegate.swift */ = {isa = PBXFileReference; fileEncoding = 4; lastKnownFileType = sourcecode.swift; path = StreamingDelegate.swift; sourceTree = "<group>"; };
		85A5E4D224BDC17B00198394 /* Streaming.swift */ = {isa = PBXFileReference; fileEncoding = 4; lastKnownFileType = sourcecode.swift; path = Streaming.swift; sourceTree = "<group>"; };
		85A5E4D324BDC17B00198394 /* Streamer+DownloadableDelegate.swift */ = {isa = PBXFileReference; fileEncoding = 4; lastKnownFileType = sourcecode.swift; path = "Streamer+DownloadableDelegate.swift"; sourceTree = "<group>"; };
		85A5E4D424BDC17B00198394 /* StreamingState.swift */ = {isa = PBXFileReference; fileEncoding = 4; lastKnownFileType = sourcecode.swift; path = StreamingState.swift; sourceTree = "<group>"; };
		85A5E4D524BDC17B00198394 /* Streamer.swift */ = {isa = PBXFileReference; fileEncoding = 4; lastKnownFileType = sourcecode.swift; path = Streamer.swift; sourceTree = "<group>"; };
		85A5E4D724BDC17B00198394 /* Parser+PropertyListener.swift */ = {isa = PBXFileReference; fileEncoding = 4; lastKnownFileType = sourcecode.swift; path = "Parser+PropertyListener.swift"; sourceTree = "<group>"; };
		85A5E4D824BDC17B00198394 /* ParserError.swift */ = {isa = PBXFileReference; fileEncoding = 4; lastKnownFileType = sourcecode.swift; path = ParserError.swift; sourceTree = "<group>"; };
		85A5E4D924BDC17B00198394 /* Parser+Packets.swift */ = {isa = PBXFileReference; fileEncoding = 4; lastKnownFileType = sourcecode.swift; path = "Parser+Packets.swift"; sourceTree = "<group>"; };
		85A5E4DA24BDC17B00198394 /* Parsing.swift */ = {isa = PBXFileReference; fileEncoding = 4; lastKnownFileType = sourcecode.swift; path = Parsing.swift; sourceTree = "<group>"; };
		85A5E4DB24BDC17B00198394 /* Parser.swift */ = {isa = PBXFileReference; fileEncoding = 4; lastKnownFileType = sourcecode.swift; path = Parser.swift; sourceTree = "<group>"; };
		85A5E4DD24BDC17B00198394 /* Reader.swift */ = {isa = PBXFileReference; fileEncoding = 4; lastKnownFileType = sourcecode.swift; path = Reader.swift; sourceTree = "<group>"; };
		85A5E4DE24BDC17B00198394 /* Reading.swift */ = {isa = PBXFileReference; fileEncoding = 4; lastKnownFileType = sourcecode.swift; path = Reading.swift; sourceTree = "<group>"; };
		85A5E4DF24BDC17B00198394 /* ReaderError.swift */ = {isa = PBXFileReference; fileEncoding = 4; lastKnownFileType = sourcecode.swift; path = ReaderError.swift; sourceTree = "<group>"; };
		85A5E4E024BDC17B00198394 /* Reader+Converter.swift */ = {isa = PBXFileReference; fileEncoding = 4; lastKnownFileType = sourcecode.swift; path = "Reader+Converter.swift"; sourceTree = "<group>"; };
		85A5E4E224BDC17B00198394 /* Downloading.swift */ = {isa = PBXFileReference; fileEncoding = 4; lastKnownFileType = sourcecode.swift; path = Downloading.swift; sourceTree = "<group>"; };
		85A5E4E324BDC17B00198394 /* Downloader.swift */ = {isa = PBXFileReference; fileEncoding = 4; lastKnownFileType = sourcecode.swift; path = Downloader.swift; sourceTree = "<group>"; };
		85A5E4E424BDC17B00198394 /* Downloader+URLSessionDelegate.swift */ = {isa = PBXFileReference; fileEncoding = 4; lastKnownFileType = sourcecode.swift; path = "Downloader+URLSessionDelegate.swift"; sourceTree = "<group>"; };
		85A5E4E524BDC17B00198394 /* DownloadingState.swift */ = {isa = PBXFileReference; fileEncoding = 4; lastKnownFileType = sourcecode.swift; path = DownloadingState.swift; sourceTree = "<group>"; };
		85A5E4E624BDC17B00198394 /* DownloadingDelegate.swift */ = {isa = PBXFileReference; fileEncoding = 4; lastKnownFileType = sourcecode.swift; path = DownloadingDelegate.swift; sourceTree = "<group>"; };
		85A5E4FE24BDC1D600198394 /* PodbeanStreamer.swift */ = {isa = PBXFileReference; lastKnownFileType = sourcecode.swift; name = PodbeanStreamer.swift; path = "audio-demo/PodbeanStreamer.swift"; sourceTree = SOURCE_ROOT; };
		85A5E50024BDC22F00198394 /* StreamerController.swift */ = {isa = PBXFileReference; lastKnownFileType = sourcecode.swift; path = StreamerController.swift; sourceTree = "<group>"; };
/* End PBXFileReference section */

/* Begin PBXFrameworksBuildPhase section */
		85020E7C24BC0497004440D1 /* Frameworks */ = {
			isa = PBXFrameworksBuildPhase;
			buildActionMask = 2147483647;
			files = (
			);
			runOnlyForDeploymentPostprocessing = 0;
		};
/* End PBXFrameworksBuildPhase section */

/* Begin PBXGroup section */
		85020E7624BC0497004440D1 = {
			isa = PBXGroup;
			children = (
				85020E8124BC0497004440D1 /* audio-demo */,
				85020E8024BC0497004440D1 /* Products */,
			);
			sourceTree = "<group>";
		};
		85020E8024BC0497004440D1 /* Products */ = {
			isa = PBXGroup;
			children = (
				85020E7F24BC0497004440D1 /* PlayerBean.app */,
			);
			name = Products;
			sourceTree = "<group>";
		};
		85020E8124BC0497004440D1 /* audio-demo */ = {
			isa = PBXGroup;
			children = (
				85020E9624BC0ABA004440D1 /* vender */,
				85020E8224BC0497004440D1 /* AppDelegate.swift */,
				85020E8424BC0497004440D1 /* SceneDelegate.swift */,
				85020E8624BC0497004440D1 /* ContentView.swift */,
				85A5E50024BDC22F00198394 /* StreamerController.swift */,
				85A5E4FE24BDC1D600198394 /* PodbeanStreamer.swift */,
				85020E8824BC0499004440D1 /* Assets.xcassets */,
				85020E8D24BC0499004440D1 /* LaunchScreen.storyboard */,
				85020E9024BC0499004440D1 /* Info.plist */,
				85020E8A24BC0499004440D1 /* Preview Content */,
			);
			path = "audio-demo";
			sourceTree = "<group>";
		};
		85020E8A24BC0499004440D1 /* Preview Content */ = {
			isa = PBXGroup;
			children = (
				85020E8B24BC0499004440D1 /* Preview Assets.xcassets */,
			);
			path = "Preview Content";
			sourceTree = "<group>";
		};
		85020E9624BC0ABA004440D1 /* vender */ = {
			isa = PBXGroup;
			children = (
				85A5E4CC24BDC17B00198394 /* AudioStreamer */,
			);
			path = vender;
			sourceTree = "<group>";
		};
		85A5E4CC24BDC17B00198394 /* AudioStreamer */ = {
			isa = PBXGroup;
			children = (
				85A5E4CD24BDC17B00198394 /* UI */,
				85A5E4D024BDC17B00198394 /* Stream */,
				85A5E4D624BDC17B00198394 /* Parse */,
				85A5E4DC24BDC17B00198394 /* Read */,
				85A5E4E124BDC17B00198394 /* Download */,
			);
			path = AudioStreamer;
			sourceTree = "<group>";
		};
		85A5E4CD24BDC17B00198394 /* UI */ = {
			isa = PBXGroup;
			children = (
				85A5E4CE24BDC17B00198394 /* TimeInterval+MMSS.swift */,
				85A5E4CF24BDC17B00198394 /* ProgressSlider.swift */,
			);
			path = UI;
			sourceTree = "<group>";
		};
		85A5E4D024BDC17B00198394 /* Stream */ = {
			isa = PBXGroup;
			children = (
				85A5E4D124BDC17B00198394 /* StreamingDelegate.swift */,
				85A5E4D224BDC17B00198394 /* Streaming.swift */,
				85A5E4D324BDC17B00198394 /* Streamer+DownloadableDelegate.swift */,
				85A5E4D424BDC17B00198394 /* StreamingState.swift */,
				85A5E4D524BDC17B00198394 /* Streamer.swift */,
			);
			path = Stream;
			sourceTree = "<group>";
		};
		85A5E4D624BDC17B00198394 /* Parse */ = {
			isa = PBXGroup;
			children = (
				85A5E4D724BDC17B00198394 /* Parser+PropertyListener.swift */,
				85A5E4D824BDC17B00198394 /* ParserError.swift */,
				85A5E4D924BDC17B00198394 /* Parser+Packets.swift */,
				85A5E4DA24BDC17B00198394 /* Parsing.swift */,
				85A5E4DB24BDC17B00198394 /* Parser.swift */,
			);
			path = Parse;
			sourceTree = "<group>";
		};
		85A5E4DC24BDC17B00198394 /* Read */ = {
			isa = PBXGroup;
			children = (
				85A5E4DD24BDC17B00198394 /* Reader.swift */,
				85A5E4DE24BDC17B00198394 /* Reading.swift */,
				85A5E4DF24BDC17B00198394 /* ReaderError.swift */,
				85A5E4E024BDC17B00198394 /* Reader+Converter.swift */,
			);
			path = Read;
			sourceTree = "<group>";
		};
		85A5E4E124BDC17B00198394 /* Download */ = {
			isa = PBXGroup;
			children = (
				85A5E4E224BDC17B00198394 /* Downloading.swift */,
				85A5E4E324BDC17B00198394 /* Downloader.swift */,
				85A5E4E424BDC17B00198394 /* Downloader+URLSessionDelegate.swift */,
				85A5E4E524BDC17B00198394 /* DownloadingState.swift */,
				85A5E4E624BDC17B00198394 /* DownloadingDelegate.swift */,
			);
			path = Download;
			sourceTree = "<group>";
		};
/* End PBXGroup section */

/* Begin PBXNativeTarget section */
		85020E7E24BC0497004440D1 /* audio-demo */ = {
			isa = PBXNativeTarget;
			buildConfigurationList = 85020E9324BC0499004440D1 /* Build configuration list for PBXNativeTarget "audio-demo" */;
			buildPhases = (
				85020E7B24BC0497004440D1 /* Sources */,
				85020E7C24BC0497004440D1 /* Frameworks */,
				85020E7D24BC0497004440D1 /* Resources */,
			);
			buildRules = (
			);
			dependencies = (
			);
			name = "audio-demo";
			productName = "audio-demo";
			productReference = 85020E7F24BC0497004440D1 /* PlayerBean.app */;
			productType = "com.apple.product-type.application";
		};
/* End PBXNativeTarget section */

/* Begin PBXProject section */
		85020E7724BC0497004440D1 /* Project object */ = {
			isa = PBXProject;
			attributes = {
				LastSwiftUpdateCheck = 1150;
				LastUpgradeCheck = 1150;
				ORGANIZATIONNAME = salmonapps;
				TargetAttributes = {
					85020E7E24BC0497004440D1 = {
						CreatedOnToolsVersion = 11.5;
					};
				};
			};
			buildConfigurationList = 85020E7A24BC0497004440D1 /* Build configuration list for PBXProject "audio-demo" */;
			compatibilityVersion = "Xcode 9.3";
			developmentRegion = en;
			hasScannedForEncodings = 0;
			knownRegions = (
				en,
				Base,
			);
			mainGroup = 85020E7624BC0497004440D1;
			productRefGroup = 85020E8024BC0497004440D1 /* Products */;
			projectDirPath = "";
			projectRoot = "";
			targets = (
				85020E7E24BC0497004440D1 /* audio-demo */,
			);
		};
/* End PBXProject section */

/* Begin PBXResourcesBuildPhase section */
		85020E7D24BC0497004440D1 /* Resources */ = {
			isa = PBXResourcesBuildPhase;
			buildActionMask = 2147483647;
			files = (
				85020E8F24BC0499004440D1 /* LaunchScreen.storyboard in Resources */,
				85020E8C24BC0499004440D1 /* Preview Assets.xcassets in Resources */,
				85020E8924BC0499004440D1 /* Assets.xcassets in Resources */,
			);
			runOnlyForDeploymentPostprocessing = 0;
		};
/* End PBXResourcesBuildPhase section */

/* Begin PBXSourcesBuildPhase section */
		85020E7B24BC0497004440D1 /* Sources */ = {
			isa = PBXSourcesBuildPhase;
			buildActionMask = 2147483647;
			files = (
				85020E8324BC0497004440D1 /* AppDelegate.swift in Sources */,
				85A5E4F824BDC17B00198394 /* Downloading.swift in Sources */,
				85A5E4F124BDC17B00198394 /* Parser+Packets.swift in Sources */,
				85A5E4F424BDC17B00198394 /* Reader.swift in Sources */,
				85A5E4FF24BDC1D600198394 /* PodbeanStreamer.swift in Sources */,
				85A5E4ED24BDC17B00198394 /* StreamingState.swift in Sources */,
				85A5E4EF24BDC17B00198394 /* Parser+PropertyListener.swift in Sources */,
				85A5E4EA24BDC17B00198394 /* StreamingDelegate.swift in Sources */,
				85A5E4E924BDC17B00198394 /* ProgressSlider.swift in Sources */,
				85020E8524BC0497004440D1 /* SceneDelegate.swift in Sources */,
				85A5E4F724BDC17B00198394 /* Reader+Converter.swift in Sources */,
				85A5E4EE24BDC17B00198394 /* Streamer.swift in Sources */,
				85A5E4F524BDC17B00198394 /* Reading.swift in Sources */,
				85A5E4F624BDC17B00198394 /* ReaderError.swift in Sources */,
				85A5E50124BDC22F00198394 /* StreamerController.swift in Sources */,
				85A5E4FB24BDC17B00198394 /* DownloadingState.swift in Sources */,
				85A5E4F024BDC17B00198394 /* ParserError.swift in Sources */,
				85A5E4EB24BDC17B00198394 /* Streaming.swift in Sources */,
				85A5E4F224BDC17B00198394 /* Parsing.swift in Sources */,
				85A5E4FA24BDC17B00198394 /* Downloader+URLSessionDelegate.swift in Sources */,
				85A5E4E824BDC17B00198394 /* TimeInterval+MMSS.swift in Sources */,
				85A5E4F324BDC17B00198394 /* Parser.swift in Sources */,
				85A5E4EC24BDC17B00198394 /* Streamer+DownloadableDelegate.swift in Sources */,
				85A5E4F924BDC17B00198394 /* Downloader.swift in Sources */,
				85020E8724BC0497004440D1 /* ContentView.swift in Sources */,
				85A5E4FC24BDC17B00198394 /* DownloadingDelegate.swift in Sources */,
			);
			runOnlyForDeploymentPostprocessing = 0;
		};
/* End PBXSourcesBuildPhase section */

/* Begin PBXVariantGroup section */
		85020E8D24BC0499004440D1 /* LaunchScreen.storyboard */ = {
			isa = PBXVariantGroup;
			children = (
				85020E8E24BC0499004440D1 /* Base */,
			);
			name = LaunchScreen.storyboard;
			sourceTree = "<group>";
		};
/* End PBXVariantGroup section */

/* Begin XCBuildConfiguration section */
		85020E9124BC0499004440D1 /* Debug */ = {
			isa = XCBuildConfiguration;
			buildSettings = {
				ALWAYS_SEARCH_USER_PATHS = NO;
				CLANG_ANALYZER_NONNULL = YES;
				CLANG_ANALYZER_NUMBER_OBJECT_CONVERSION = YES_AGGRESSIVE;
				CLANG_CXX_LANGUAGE_STANDARD = "gnu++14";
				CLANG_CXX_LIBRARY = "libc++";
				CLANG_ENABLE_MODULES = YES;
				CLANG_ENABLE_OBJC_ARC = YES;
				CLANG_ENABLE_OBJC_WEAK = YES;
				CLANG_WARN_BLOCK_CAPTURE_AUTORELEASING = YES;
				CLANG_WARN_BOOL_CONVERSION = YES;
				CLANG_WARN_COMMA = YES;
				CLANG_WARN_CONSTANT_CONVERSION = YES;
				CLANG_WARN_DEPRECATED_OBJC_IMPLEMENTATIONS = YES;
				CLANG_WARN_DIRECT_OBJC_ISA_USAGE = YES_ERROR;
				CLANG_WARN_DOCUMENTATION_COMMENTS = YES;
				CLANG_WARN_EMPTY_BODY = YES;
				CLANG_WARN_ENUM_CONVERSION = YES;
				CLANG_WARN_INFINITE_RECURSION = YES;
				CLANG_WARN_INT_CONVERSION = YES;
				CLANG_WARN_NON_LITERAL_NULL_CONVERSION = YES;
				CLANG_WARN_OBJC_IMPLICIT_RETAIN_SELF = YES;
				CLANG_WARN_OBJC_LITERAL_CONVERSION = YES;
				CLANG_WARN_OBJC_ROOT_CLASS = YES_ERROR;
				CLANG_WARN_RANGE_LOOP_ANALYSIS = YES;
				CLANG_WARN_STRICT_PROTOTYPES = YES;
				CLANG_WARN_SUSPICIOUS_MOVE = YES;
				CLANG_WARN_UNGUARDED_AVAILABILITY = YES_AGGRESSIVE;
				CLANG_WARN_UNREACHABLE_CODE = YES;
				CLANG_WARN__DUPLICATE_METHOD_MATCH = YES;
				COPY_PHASE_STRIP = NO;
				DEBUG_INFORMATION_FORMAT = dwarf;
				ENABLE_STRICT_OBJC_MSGSEND = YES;
				ENABLE_TESTABILITY = YES;
				GCC_C_LANGUAGE_STANDARD = gnu11;
				GCC_DYNAMIC_NO_PIC = NO;
				GCC_NO_COMMON_BLOCKS = YES;
				GCC_OPTIMIZATION_LEVEL = 0;
				GCC_PREPROCESSOR_DEFINITIONS = (
					"DEBUG=1",
					"$(inherited)",
				);
				GCC_WARN_64_TO_32_BIT_CONVERSION = YES;
				GCC_WARN_ABOUT_RETURN_TYPE = YES_ERROR;
				GCC_WARN_UNDECLARED_SELECTOR = YES;
				GCC_WARN_UNINITIALIZED_AUTOS = YES_AGGRESSIVE;
				GCC_WARN_UNUSED_FUNCTION = YES;
				GCC_WARN_UNUSED_VARIABLE = YES;
				IPHONEOS_DEPLOYMENT_TARGET = 13.5;
				MTL_ENABLE_DEBUG_INFO = INCLUDE_SOURCE;
				MTL_FAST_MATH = YES;
				ONLY_ACTIVE_ARCH = YES;
				SDKROOT = iphoneos;
				SWIFT_ACTIVE_COMPILATION_CONDITIONS = DEBUG;
				SWIFT_OPTIMIZATION_LEVEL = "-Onone";
			};
			name = Debug;
		};
		85020E9224BC0499004440D1 /* Release */ = {
			isa = XCBuildConfiguration;
			buildSettings = {
				ALWAYS_SEARCH_USER_PATHS = NO;
				CLANG_ANALYZER_NONNULL = YES;
				CLANG_ANALYZER_NUMBER_OBJECT_CONVERSION = YES_AGGRESSIVE;
				CLANG_CXX_LANGUAGE_STANDARD = "gnu++14";
				CLANG_CXX_LIBRARY = "libc++";
				CLANG_ENABLE_MODULES = YES;
				CLANG_ENABLE_OBJC_ARC = YES;
				CLANG_ENABLE_OBJC_WEAK = YES;
				CLANG_WARN_BLOCK_CAPTURE_AUTORELEASING = YES;
				CLANG_WARN_BOOL_CONVERSION = YES;
				CLANG_WARN_COMMA = YES;
				CLANG_WARN_CONSTANT_CONVERSION = YES;
				CLANG_WARN_DEPRECATED_OBJC_IMPLEMENTATIONS = YES;
				CLANG_WARN_DIRECT_OBJC_ISA_USAGE = YES_ERROR;
				CLANG_WARN_DOCUMENTATION_COMMENTS = YES;
				CLANG_WARN_EMPTY_BODY = YES;
				CLANG_WARN_ENUM_CONVERSION = YES;
				CLANG_WARN_INFINITE_RECURSION = YES;
				CLANG_WARN_INT_CONVERSION = YES;
				CLANG_WARN_NON_LITERAL_NULL_CONVERSION = YES;
				CLANG_WARN_OBJC_IMPLICIT_RETAIN_SELF = YES;
				CLANG_WARN_OBJC_LITERAL_CONVERSION = YES;
				CLANG_WARN_OBJC_ROOT_CLASS = YES_ERROR;
				CLANG_WARN_RANGE_LOOP_ANALYSIS = YES;
				CLANG_WARN_STRICT_PROTOTYPES = YES;
				CLANG_WARN_SUSPICIOUS_MOVE = YES;
				CLANG_WARN_UNGUARDED_AVAILABILITY = YES_AGGRESSIVE;
				CLANG_WARN_UNREACHABLE_CODE = YES;
				CLANG_WARN__DUPLICATE_METHOD_MATCH = YES;
				COPY_PHASE_STRIP = NO;
				DEBUG_INFORMATION_FORMAT = "dwarf-with-dsym";
				ENABLE_NS_ASSERTIONS = NO;
				ENABLE_STRICT_OBJC_MSGSEND = YES;
				GCC_C_LANGUAGE_STANDARD = gnu11;
				GCC_NO_COMMON_BLOCKS = YES;
				GCC_WARN_64_TO_32_BIT_CONVERSION = YES;
				GCC_WARN_ABOUT_RETURN_TYPE = YES_ERROR;
				GCC_WARN_UNDECLARED_SELECTOR = YES;
				GCC_WARN_UNINITIALIZED_AUTOS = YES_AGGRESSIVE;
				GCC_WARN_UNUSED_FUNCTION = YES;
				GCC_WARN_UNUSED_VARIABLE = YES;
				IPHONEOS_DEPLOYMENT_TARGET = 13.5;
				MTL_ENABLE_DEBUG_INFO = NO;
				MTL_FAST_MATH = YES;
				SDKROOT = iphoneos;
				SWIFT_COMPILATION_MODE = wholemodule;
				SWIFT_OPTIMIZATION_LEVEL = "-O";
				VALIDATE_PRODUCT = YES;
			};
			name = Release;
		};
		85020E9424BC0499004440D1 /* Debug */ = {
			isa = XCBuildConfiguration;
			buildSettings = {
				ASSETCATALOG_COMPILER_APPICON_NAME = AppIcon;
				CODE_SIGN_IDENTITY = "iPhone Developer";
				CODE_SIGN_STYLE = Manual;
				CURRENT_PROJECT_VERSION = 2;
				DEVELOPMENT_ASSET_PATHS = "\"audio-demo/Preview Content\"";
				DEVELOPMENT_TEAM = 72T2SXUWHC;
				ENABLE_PREVIEWS = YES;
				INFOPLIST_FILE = "audio-demo/Info.plist";
				LD_RUNPATH_SEARCH_PATHS = (
					"$(inherited)",
					"@executable_path/Frameworks",
				);
				PRODUCT_BUNDLE_IDENTIFIER = "com.salmonapps.audio-demo";
				PRODUCT_NAME = PlayerBean;
				PROVISIONING_PROFILE_SPECIFIER = Jacky;
				SWIFT_VERSION = 5.0;
				TARGETED_DEVICE_FAMILY = "1,2";
			};
			name = Debug;
		};
		85020E9524BC0499004440D1 /* Release */ = {
			isa = XCBuildConfiguration;
			buildSettings = {
				ASSETCATALOG_COMPILER_APPICON_NAME = AppIcon;
				CODE_SIGN_IDENTITY = "iPhone Distribution";
				CODE_SIGN_STYLE = Manual;
				CURRENT_PROJECT_VERSION = 2;
				DEVELOPMENT_ASSET_PATHS = "\"audio-demo/Preview Content\"";
				DEVELOPMENT_TEAM = D254M6HU7A;
				ENABLE_PREVIEWS = YES;
				INFOPLIST_FILE = "audio-demo/Info.plist";
				LD_RUNPATH_SEARCH_PATHS = (
					"$(inherited)",
					"@executable_path/Frameworks",
				);
				PRODUCT_BUNDLE_IDENTIFIER = "com.salmonapps.audio-demo";
				PRODUCT_NAME = PlayerBean;
				PROVISIONING_PROFILE_SPECIFIER = "demo-jacky";
				SWIFT_VERSION = 5.0;
				TARGETED_DEVICE_FAMILY = "1,2";
			};
			name = Release;
		};
/* End XCBuildConfiguration section */

/* Begin XCConfigurationList section */
		85020E7A24BC0497004440D1 /* Build configuration list for PBXProject "audio-demo" */ = {
			isa = XCConfigurationList;
			buildConfigurations = (
				85020E9124BC0499004440D1 /* Debug */,
				85020E9224BC0499004440D1 /* Release */,
			);
			defaultConfigurationIsVisible = 0;
			defaultConfigurationName = Release;
		};
		85020E9324BC0499004440D1 /* Build configuration list for PBXNativeTarget "audio-demo" */ = {
			isa = XCConfigurationList;
			buildConfigurations = (
				85020E9424BC0499004440D1 /* Debug */,
				85020E9524BC0499004440D1 /* Release */,
			);
			defaultConfigurationIsVisible = 0;
			defaultConfigurationName = Release;
		};
/* End XCConfigurationList section */
	};
	rootObject = 85020E7724BC0497004440D1 /* Project object */;
}
